Microsoft Visual Studio Solution File, Format Version 12.00
# Visual Studio Version 17
VisualStudioVersion = 17.5.2.0
MinimumVisualStudioVersion = 10.0.40219.1
Project("{FAE04EC0-301F-11D3-BF4B-00C04F79EFBC}") = "version2", "version2.csproj", "{110E5FBC-D012-CA0A-5D71-D31AFA96282F}"
EndProject
Global
	GlobalSection(SolutionConfigurationPlatforms) = preSolution
		Debug|Any CPU = Debug|Any CPU
		Release|Any CPU = Release|Any CPU
	EndGlobalSection
	GlobalSection(ProjectConfigurationPlatforms) = postSolution
		{110E5FBC-D012-CA0A-5D71-D31AFA96282F}.Debug|Any CPU.ActiveCfg = Debug|Any CPU
		{110E5FBC-D012-CA0A-5D71-D31AFA96282F}.Debug|Any CPU.Build.0 = Debug|Any CPU
		{110E5FBC-D012-CA0A-5D71-D31AFA96282F}.Release|Any CPU.ActiveCfg = Release|Any CPU
		{110E5FBC-D012-CA0A-5D71-D31AFA96282F}.Release|Any CPU.Build.0 = Release|Any CPU
	EndGlobalSection
	GlobalSection(SolutionProperties) = preSolution
		HideSolutionNode = FALSE
	EndGlobalSection
	GlobalSection(ExtensibilityGlobals) = postSolution
		SolutionGuid = {8F71E868-9DE2-4C8E-8AB3-5B21EB4C1E5D}
	EndGlobalSection
EndGlobal
